{
    "_readme": [
        "This file locks the dependencies of your project to a known state",
        "Read more about it at https://getcomposer.org/doc/01-basic-usage.md#installing-dependencies",
        "This file is @generated automatically"
    ],
    "content-hash": "497b627cb187015aa21cc40f6028964a",
    "packages": [
        {
            "name": "laminas/laminas-code",
            "version": "4.17.0",
            "source": {
                "type": "git",
                "url": "https://github.com/laminas/laminas-code.git",
                "reference": "40d61e2899ec17c5d08bbc0a2d586b3ca17ab9bd"
            },
            "dist": {
                "type": "zip",
                "url": "https://api.github.com/repos/laminas/laminas-code/zipball/40d61e2899ec17c5d08bbc0a2d586b3ca17ab9bd",
                "reference": "40d61e2899ec17c5d08bbc0a2d586b3ca17ab9bd",
                "shasum": ""
            },
            "require": {
                "php": "~8.2.0 || ~8.3.0 || ~8.4.0 || ~8.5.0"
            },
            "require-dev": {
                "doctrine/annotations": "^2.0.1",
                "ext-phar": "*",
                "laminas/laminas-coding-standard": "^3.0.0",
                "laminas/laminas-stdlib": "^3.18.0",
                "phpunit/phpunit": "^10.5.58",
                "psalm/plugin-phpunit": "^0.19.0",
                "vimeo/psalm": "^5.15.0"
            },
            "suggest": {
                "doctrine/annotations": "Doctrine\\Common\\Annotations >=1.0 for annotation features",
                "laminas/laminas-stdlib": "Laminas\\Stdlib component"
            },
            "type": "library",
            "autoload": {
                "psr-4": {
                    "Laminas\\Code\\": "src/"
                }
            },
            "notification-url": "https://packagist.org/downloads/",
            "license": [
                "BSD-3-Clause"
            ],
            "description": "Extensions to the PHP Reflection API, static code scanning, and code generation",
            "homepage": "https://laminas.dev",
            "keywords": [
                "code",
                "laminas",
                "laminasframework"
            ],
            "support": {
                "chat": "https://laminas.dev/chat",
                "docs": "https://docs.laminas.dev/laminas-code/",
                "forum": "https://discourse.laminas.dev",
                "issues": "https://github.com/laminas/laminas-code/issues",
                "rss": "https://github.com/laminas/laminas-code/releases.atom",
                "source": "https://github.com/laminas/laminas-code"
            },
            "funding": [
                {
                    "url": "https://funding.communitybridge.org/projects/laminas-project",
                    "type": "community_bridge"
                }
            ],
            "time": "2025-11-01T09:38:14+00:00"
        }
    ],
    "packages-dev": [],
    "aliases": [],
    "minimum-stability": "stable",
    "stability-flags": {},
    "prefer-stable": false,
    "prefer-lowest": false,
    "platform": {},
    "platform-dev": {},
    "plugin-api-version": "2.6.0"
}
